
Microsoft Visual Studio Solution File, Format Version 12.00
# Visual Studio Version 16
VisualStudioVersion = 16.0.30128.74
MinimumVisualStudioVersion = 10.0.40219.1
Project("{2150E333-8FDC-42A3-9474-1A3956D46DE8}") = "setup", "setup", "{A454188F-B731-4BB2-99BA-54D5D1F50183}"
	ProjectSection(SolutionItems) = preProject
		setup\build.yml = setup\build.yml
		setup\delete-stack.sh = setup\delete-stack.sh
		setup\deploy-stack.sh = setup\deploy-stack.sh
		run-in-docker.sh = run-in-docker.sh
	EndProjectSection
EndProject
Project("{2150E333-8FDC-42A3-9474-1A3956D46DE8}") = "src", "src", "{5099DE02-FF49-4F22-AEF0-FDD9FC65A2A4}"
EndProject
Project("{2150E333-8FDC-42A3-9474-1A3956D46DE8}") = "data", "data", "{719192BF-B1B2-4D2E-94ED-484BDA191B82}"
EndProject
Project("{2150E333-8FDC-42A3-9474-1A3956D46DE8}") = "services", "services", "{E5AC16BD-9757-4398-BFB3-3CCB6316978E}"
EndProject
Project("{9A19103F-16F7-4668-BE54-9A1E7A4F7556}") = "WebAdvert.API", "src\services\WebAdvert.API\WebAdvert.API.csproj", "{CAF71A54-786F-4F5E-B6C7-300D811D1C67}"
EndProject
Project("{2150E333-8FDC-42A3-9474-1A3956D46DE8}") = "models", "models", "{26C8D851-C240-435A-B1E3-E6A84BBB65C9}"
EndProject
Project("{9A19103F-16F7-4668-BE54-9A1E7A4F7556}") = "WebAdvert.Web", "src\WebAdvert.Web\WebAdvert.Web.csproj", "{F2AFE799-D9DF-4285-9FB6-8BE679B6F046}"
EndProject
Project("{9A19103F-16F7-4668-BE54-9A1E7A4F7556}") = "WebAdvert.Data", "src\data\WebAdvert.Data\WebAdvert.Data.csproj", "{7C937820-C394-4724-A42B-871F4D836BC3}"
EndProject
Project("{2150E333-8FDC-42A3-9474-1A3956D46DE8}") = "Solution Items", "Solution Items", "{87852C03-432E-4EC3-9AB8-7CCFAF83F435}"
	ProjectSection(SolutionItems) = preProject
		Readme.md = Readme.md
	EndProjectSection
EndProject
Project("{9A19103F-16F7-4668-BE54-9A1E7A4F7556}") = "WebAdvert.Models", "src\models\WebAdvert.Models\WebAdvert.Models.csproj", "{59F4FCFD-966D-4A70-8D7F-487623E3F980}"
EndProject
Project("{9A19103F-16F7-4668-BE54-9A1E7A4F7556}") = "Files.API", "src\services\Files.API\Files.API.csproj", "{00FC9643-4EBC-40ED-9E48-06E61C1FE6FF}"
EndProject
Project("{E53339B2-1760-4266-BCC7-CA923CBCF16C}") = "docker-compose", "docker-compose.dcproj", "{5C19C385-1C34-4AFD-ACB3-941DA3F5B2D1}"
EndProject
Global
	GlobalSection(SolutionConfigurationPlatforms) = preSolution
		Debug|Any CPU = Debug|Any CPU
		Release|Any CPU = Release|Any CPU
	EndGlobalSection
	GlobalSection(ProjectConfigurationPlatforms) = postSolution
		{CAF71A54-786F-4F5E-B6C7-300D811D1C67}.Debug|Any CPU.ActiveCfg = Debug|Any CPU
		{CAF71A54-786F-4F5E-B6C7-300D811D1C67}.Debug|Any CPU.Build.0 = Debug|Any CPU
		{CAF71A54-786F-4F5E-B6C7-300D811D1C67}.Release|Any CPU.ActiveCfg = Release|Any CPU
		{CAF71A54-786F-4F5E-B6C7-300D811D1C67}.Release|Any CPU.Build.0 = Release|Any CPU
		{F2AFE799-D9DF-4285-9FB6-8BE679B6F046}.Debug|Any CPU.ActiveCfg = Debug|Any CPU
		{F2AFE799-D9DF-4285-9FB6-8BE679B6F046}.Debug|Any CPU.Build.0 = Debug|Any CPU
		{F2AFE799-D9DF-4285-9FB6-8BE679B6F046}.Release|Any CPU.ActiveCfg = Release|Any CPU
		{F2AFE799-D9DF-4285-9FB6-8BE679B6F046}.Release|Any CPU.Build.0 = Release|Any CPU
		{7C937820-C394-4724-A42B-871F4D836BC3}.Debug|Any CPU.ActiveCfg = Debug|Any CPU
		{7C937820-C394-4724-A42B-871F4D836BC3}.Debug|Any CPU.Build.0 = Debug|Any CPU
		{7C937820-C394-4724-A42B-871F4D836BC3}.Release|Any CPU.ActiveCfg = Release|Any CPU
		{7C937820-C394-4724-A42B-871F4D836BC3}.Release|Any CPU.Build.0 = Release|Any CPU
		{59F4FCFD-966D-4A70-8D7F-487623E3F980}.Debug|Any CPU.ActiveCfg = Debug|Any CPU
		{59F4FCFD-966D-4A70-8D7F-487623E3F980}.Debug|Any CPU.Build.0 = Debug|Any CPU
		{59F4FCFD-966D-4A70-8D7F-487623E3F980}.Release|Any CPU.ActiveCfg = Release|Any CPU
		{59F4FCFD-966D-4A70-8D7F-487623E3F980}.Release|Any CPU.Build.0 = Release|Any CPU
		{00FC9643-4EBC-40ED-9E48-06E61C1FE6FF}.Debug|Any CPU.ActiveCfg = Debug|Any CPU
		{00FC9643-4EBC-40ED-9E48-06E61C1FE6FF}.Debug|Any CPU.Build.0 = Debug|Any CPU
		{00FC9643-4EBC-40ED-9E48-06E61C1FE6FF}.Release|Any CPU.ActiveCfg = Release|Any CPU
		{00FC9643-4EBC-40ED-9E48-06E61C1FE6FF}.Release|Any CPU.Build.0 = Release|Any CPU
		{5C19C385-1C34-4AFD-ACB3-941DA3F5B2D1}.Debug|Any CPU.ActiveCfg = Debug|Any CPU
		{5C19C385-1C34-4AFD-ACB3-941DA3F5B2D1}.Debug|Any CPU.Build.0 = Debug|Any CPU
		{5C19C385-1C34-4AFD-ACB3-941DA3F5B2D1}.Release|Any CPU.ActiveCfg = Release|Any CPU
		{5C19C385-1C34-4AFD-ACB3-941DA3F5B2D1}.Release|Any CPU.Build.0 = Release|Any CPU
	EndGlobalSection
	GlobalSection(SolutionProperties) = preSolution
		HideSolutionNode = FALSE
	EndGlobalSection
	GlobalSection(NestedProjects) = preSolution
		{719192BF-B1B2-4D2E-94ED-484BDA191B82} = {5099DE02-FF49-4F22-AEF0-FDD9FC65A2A4}
		{E5AC16BD-9757-4398-BFB3-3CCB6316978E} = {5099DE02-FF49-4F22-AEF0-FDD9FC65A2A4}
		{CAF71A54-786F-4F5E-B6C7-300D811D1C67} = {E5AC16BD-9757-4398-BFB3-3CCB6316978E}
		{26C8D851-C240-435A-B1E3-E6A84BBB65C9} = {5099DE02-FF49-4F22-AEF0-FDD9FC65A2A4}
		{F2AFE799-D9DF-4285-9FB6-8BE679B6F046} = {5099DE02-FF49-4F22-AEF0-FDD9FC65A2A4}
		{7C937820-C394-4724-A42B-871F4D836BC3} = {719192BF-B1B2-4D2E-94ED-484BDA191B82}
		{59F4FCFD-966D-4A70-8D7F-487623E3F980} = {26C8D851-C240-435A-B1E3-E6A84BBB65C9}
		{00FC9643-4EBC-40ED-9E48-06E61C1FE6FF} = {E5AC16BD-9757-4398-BFB3-3CCB6316978E}
	EndGlobalSection
	GlobalSection(ExtensibilityGlobals) = postSolution
		SolutionGuid = {930559C9-BB53-430E-9FA1-828124CE271E}
	EndGlobalSection
EndGlobal
