
Microsoft Visual Studio Solution File, Format Version 12.00
# Visual Studio Version 16
VisualStudioVersion = 16.0.30128.74
MinimumVisualStudioVersion = 10.0.40219.1
Project("{2150E333-8FDC-42A3-9474-1A3956D46DE8}") = "setup", "setup", "{A454188F-B731-4BB2-99BA-54D5D1F50183}"
	ProjectSection(SolutionItems) = preProject
		setup\build.yml = setup\build.yml
		setup\delete-stack.sh = setup\delete-stack.sh
		setup\deploy-stack.sh = setup\deploy-stack.sh
	EndProjectSection
EndProject
Project("{2150E333-8FDC-42A3-9474-1A3956D46DE8}") = "src", "src", "{5099DE02-FF49-4F22-AEF0-FDD9FC65A2A4}"
EndProject
Project("{9A19103F-16F7-4668-BE54-9A1E7A4F7556}") = "WebAdvert.App", "src\WebAdvert.App\WebAdvert.App.csproj", "{BB1B37D3-1737-4C92-A63F-92D44A90B9EE}"
EndProject
Global
	GlobalSection(SolutionConfigurationPlatforms) = preSolution
		Debug|Any CPU = Debug|Any CPU
		Release|Any CPU = Release|Any CPU
	EndGlobalSection
	GlobalSection(ProjectConfigurationPlatforms) = postSolution
		{BB1B37D3-1737-4C92-A63F-92D44A90B9EE}.Debug|Any CPU.ActiveCfg = Debug|Any CPU
		{BB1B37D3-1737-4C92-A63F-92D44A90B9EE}.Debug|Any CPU.Build.0 = Debug|Any CPU
		{BB1B37D3-1737-4C92-A63F-92D44A90B9EE}.Release|Any CPU.ActiveCfg = Release|Any CPU
		{BB1B37D3-1737-4C92-A63F-92D44A90B9EE}.Release|Any CPU.Build.0 = Release|Any CPU
	EndGlobalSection
	GlobalSection(SolutionProperties) = preSolution
		HideSolutionNode = FALSE
	EndGlobalSection
	GlobalSection(NestedProjects) = preSolution
		{BB1B37D3-1737-4C92-A63F-92D44A90B9EE} = {5099DE02-FF49-4F22-AEF0-FDD9FC65A2A4}
	EndGlobalSection
	GlobalSection(ExtensibilityGlobals) = postSolution
		SolutionGuid = {930559C9-BB53-430E-9FA1-828124CE271E}
	EndGlobalSection
EndGlobal
